# This file is automatically @generated by Cargo.
# It is not intended for manual editing.
version = 3

[[package]]
name = "byteorder"
version = "1.5.0"
source = "registry+https://github.com/rust-lang/crates.io-index"
checksum = "1fd0f2584146f6f2ef48085050886acf353beff7305ebd1ae69500e27c67f64b"

[[package]]
name = "cc"
version = "1.2.5"
source = "registry+https://github.com/rust-lang/crates.io-index"
checksum = "c31a0499c1dc64f458ad13872de75c0eb7e3fdb0e67964610c914b034fc5956e"
dependencies = [
 "shlex",
]

[[package]]
name = "cfb"
version = "0.10.0"
source = "registry+https://github.com/rust-lang/crates.io-index"
checksum = "d8a4f8e55be323b378facfcf1f06aa97f6ec17cf4ac84fb17325093aaf62da41"
dependencies = [
 "byteorder",
 "fnv",
 "uuid",
]

[[package]]
name = "cfg-if"
version = "1.0.0"
source = "registry+https://github.com/rust-lang/crates.io-index"
checksum = "baf1de4339761588bc0619e3cbc0120ee582ebb74b53b4efbf79117bd2da40fd"

[[package]]
name = "codepage"
version = "0.1.2"
source = "registry+https://github.com/rust-lang/crates.io-index"
checksum = "48f68d061bc2828ae826206326e61251aca94c1e4a5305cf52d9138639c918b4"
dependencies = [
 "encoding_rs",
]

[[package]]
name = "compiler_builtins"
version = "0.1.139"
source = "registry+https://github.com/rust-lang/crates.io-index"
checksum = "7925a77545f37a18e152a4aeaeb9a220309022067cafcfa2ecebe9ec55d36ccb"

[[package]]
name = "encoding_rs"
version = "0.8.35"
source = "registry+https://github.com/rust-lang/crates.io-index"
checksum = "75030f3c4f45dafd7586dd6780965a8c7e8e285a5ecb86713e63a79c5b2766f3"
dependencies = [
 "cfg-if",
]

[[package]]
name = "fnv"
version = "1.0.7"
source = "registry+https://github.com/rust-lang/crates.io-index"
checksum = "3f9eec918d3f24069decb9af1554cad7c880e2da24a9afd88aca000531ab82c1"

[[package]]
name = "memchr"
version = "2.7.4"
source = "registry+https://github.com/rust-lang/crates.io-index"
checksum = "78ca9ab1a0babb1e7d5695e3530886289c18cf2f87ec19a575a0abdce112e3a3"

[[package]]
name = "minimal-lexical"
version = "0.2.1"
source = "registry+https://github.com/rust-lang/crates.io-index"
checksum = "68354c5c6bd36d73ff3feceb05efa59b6acb7626617f4962be322a825e61f79a"

[[package]]
name = "nom"
version = "7.1.3"
source = "registry+https://github.com/rust-lang/crates.io-index"
checksum = "d273983c5a657a70a3e8f2a01329822f3b8c8172b73826411a55751e404a0a4a"
dependencies = [
 "memchr",
 "minimal-lexical",
]

[[package]]
name = "once_cell"
version = "1.20.2"
source = "registry+https://github.com/rust-lang/crates.io-index"
checksum = "1261fe7e33c73b354eab43b1273a57c8f967d0391e80353e51f764ac02cf6775"

[[package]]
name = "ovba"
version = "0.7.1"
source = "registry+https://github.com/rust-lang/crates.io-index"
checksum = "c44e6f22d4d563c2ef2225c55f49f79a48c6606303659b39fbc1892a3e5bfc42"
dependencies = [
 "cfb",
 "codepage",
 "encoding_rs",
 "nom",
]

[[package]]
name = "ovbars"
version = "0.1.3"
dependencies = [
 "compiler_builtins",
 "ovba",
 "savvy",
]

[[package]]
name = "proc-macro2"
version = "1.0.92"
source = "registry+https://github.com/rust-lang/crates.io-index"
checksum = "37d3544b3f2748c54e147655edb5025752e2303145b5aefb3c3ea2c78b973bb0"
dependencies = [
 "unicode-ident",
]

[[package]]
name = "quote"
version = "1.0.37"
source = "registry+https://github.com/rust-lang/crates.io-index"
checksum = "b5b9d34b8991d19d98081b46eacdd8eb58c6f2b201139f7c5f643cc155a633af"
dependencies = [
 "proc-macro2",
]

[[package]]
name = "rustversion"
version = "1.0.18"
source = "registry+https://github.com/rust-lang/crates.io-index"
checksum = "0e819f2bc632f285be6d7cd36e25940d45b2391dd6d9b939e79de557f7014248"

[[package]]
name = "savvy"
version = "0.8.1"
source = "registry+https://github.com/rust-lang/crates.io-index"
checksum = "5cf7cda5d3886a972506ccaf904274b5ac6aed444ae0de9215b72465bc57c074"
dependencies = [
 "cc",
 "once_cell",
 "rustversion",
 "savvy-ffi",
 "savvy-macro",
]

[[package]]
name = "savvy-bindgen"
version = "0.8.1"
source = "registry+https://github.com/rust-lang/crates.io-index"
checksum = "c3883b0a9e706be16be0f24036510a7a181d4a093129bc99d0866d5fd08aced4"
dependencies = [
 "proc-macro2",
 "quote",
 "syn",
]

[[package]]
name = "savvy-ffi"
version = "0.8.1"
source = "registry+https://github.com/rust-lang/crates.io-index"
checksum = "fc41ea3d0dcba6f162e7e7148e1f0dcc9ae6a7b480d24727b2b17f9500e4c2bc"

[[package]]
name = "savvy-macro"
version = "0.8.1"
source = "registry+https://github.com/rust-lang/crates.io-index"
checksum = "16d3cc5da44e90b6bcc2bedd3add03d6652291059935e403ac042361334a749c"
dependencies = [
 "proc-macro2",
 "quote",
 "savvy-bindgen",
 "syn",
]

[[package]]
name = "shlex"
version = "1.3.0"
source = "registry+https://github.com/rust-lang/crates.io-index"
checksum = "0fda2ff0d084019ba4d7c6f371c95d8fd75ce3524c3cb8fb653a3023f6323e64"

[[package]]
name = "syn"
version = "2.0.91"
source = "registry+https://github.com/rust-lang/crates.io-index"
checksum = "d53cbcb5a243bd33b7858b1d7f4aca2153490815872d86d955d6ea29f743c035"
dependencies = [
 "proc-macro2",
 "quote",
 "unicode-ident",
]

[[package]]
name = "unicode-ident"
version = "1.0.14"
source = "registry+https://github.com/rust-lang/crates.io-index"
checksum = "adb9e6ca4f869e1180728b7950e35922a7fc6397f7b641499e8f3ef06e50dc83"

[[package]]
name = "uuid"
version = "1.11.0"
source = "registry+https://github.com/rust-lang/crates.io-index"
checksum = "f8c5f0a0af699448548ad1a2fbf920fb4bee257eae39953ba95cb84891a0446a"
